
Microsoft Visual Studio Solution File, Format Version 12.00
# Visual Studio Version 16
VisualStudioVersion = 16.0.32106.194
MinimumVisualStudioVersion = 10.0.40219.1
Project("{FAE04EC0-301F-11D3-BF4B-00C04F79EFBC}") = "WindowsFormsApp89", "WindowsFormsApp89\WindowsFormsApp89.csproj", "{034E0D67-1DF7-4732-B84B-4F2FD9DF952A}"
EndProject
Global
	GlobalSection(SolutionConfigurationPlatforms) = preSolution
		Debug|Any CPU = Debug|Any CPU
		Release|Any CPU = Release|Any CPU
	EndGlobalSection
	GlobalSection(ProjectConfigurationPlatforms) = postSolution
		{034E0D67-1DF7-4732-B84B-4F2FD9DF952A}.Debug|Any CPU.ActiveCfg = Debug|Any CPU
		{034E0D67-1DF7-4732-B84B-4F2FD9DF952A}.Debug|Any CPU.Build.0 = Debug|Any CPU
		{034E0D67-1DF7-4732-B84B-4F2FD9DF952A}.Release|Any CPU.ActiveCfg = Release|Any CPU
		{034E0D67-1DF7-4732-B84B-4F2FD9DF952A}.Release|Any CPU.Build.0 = Release|Any CPU
	EndGlobalSection
	GlobalSection(SolutionProperties) = preSolution
		HideSolutionNode = FALSE
	EndGlobalSection
	GlobalSection(ExtensibilityGlobals) = postSolution
		SolutionGuid = {65F94894-5C74-4D4C-ADDB-274BD28B86BD}
	EndGlobalSection
EndGlobal
