
Microsoft Visual Studio Solution File, Format Version 12.00
# Visual Studio Version 16
VisualStudioVersion = 16.0.32106.194
MinimumVisualStudioVersion = 10.0.40219.1
Project("{FAE04EC0-301F-11D3-BF4B-00C04F79EFBC}") = "WindowsFormsApp41", "WindowsFormsApp41\WindowsFormsApp41.csproj", "{72051809-E6AE-4B73-B323-F62FDB2F9190}"
EndProject
Global
	GlobalSection(SolutionConfigurationPlatforms) = preSolution
		Debug|Any CPU = Debug|Any CPU
		Release|Any CPU = Release|Any CPU
	EndGlobalSection
	GlobalSection(ProjectConfigurationPlatforms) = postSolution
		{72051809-E6AE-4B73-B323-F62FDB2F9190}.Debug|Any CPU.ActiveCfg = Debug|Any CPU
		{72051809-E6AE-4B73-B323-F62FDB2F9190}.Debug|Any CPU.Build.0 = Debug|Any CPU
		{72051809-E6AE-4B73-B323-F62FDB2F9190}.Release|Any CPU.ActiveCfg = Release|Any CPU
		{72051809-E6AE-4B73-B323-F62FDB2F9190}.Release|Any CPU.Build.0 = Release|Any CPU
	EndGlobalSection
	GlobalSection(SolutionProperties) = preSolution
		HideSolutionNode = FALSE
	EndGlobalSection
	GlobalSection(ExtensibilityGlobals) = postSolution
		SolutionGuid = {51BB5D33-00D3-4B19-88B4-AE5976A6C4D6}
	EndGlobalSection
EndGlobal
