
Microsoft Visual Studio Solution File, Format Version 12.00
# Visual Studio Version 16
VisualStudioVersion = 16.0.32106.194
MinimumVisualStudioVersion = 10.0.40219.1
Project("{FAE04EC0-301F-11D3-BF4B-00C04F79EFBC}") = "WindowsFormsApp49", "WindowsFormsApp49\WindowsFormsApp49.csproj", "{24F8C76C-AAF2-447D-80CF-7143A929563C}"
EndProject
Global
	GlobalSection(SolutionConfigurationPlatforms) = preSolution
		Debug|Any CPU = Debug|Any CPU
		Release|Any CPU = Release|Any CPU
	EndGlobalSection
	GlobalSection(ProjectConfigurationPlatforms) = postSolution
		{24F8C76C-AAF2-447D-80CF-7143A929563C}.Debug|Any CPU.ActiveCfg = Debug|Any CPU
		{24F8C76C-AAF2-447D-80CF-7143A929563C}.Debug|Any CPU.Build.0 = Debug|Any CPU
		{24F8C76C-AAF2-447D-80CF-7143A929563C}.Release|Any CPU.ActiveCfg = Release|Any CPU
		{24F8C76C-AAF2-447D-80CF-7143A929563C}.Release|Any CPU.Build.0 = Release|Any CPU
	EndGlobalSection
	GlobalSection(SolutionProperties) = preSolution
		HideSolutionNode = FALSE
	EndGlobalSection
	GlobalSection(ExtensibilityGlobals) = postSolution
		SolutionGuid = {7F627659-5EED-4B29-AD3D-0AC785397B34}
	EndGlobalSection
EndGlobal
